// !$*UTF8*$!
{
	archiveVersion = 1;
	classes = {
	};
	objectVersion = 56;
	objects = {

/* Begin PBXBuildFile section */
		9A66D7682D07CACB0098E8B8 /* Assets.xcassets in Resources */ = {isa = PBXBuildFile; fileRef = 9A66D7672D07CACB0098E8B8 /* Assets.xcassets */; };
		9A66D76C2D07CACB0098E8B8 /* Preview Assets.xcassets in Resources */ = {isa = PBXBuildFile; fileRef = 9A66D76B2D07CACB0098E8B8 /* Preview Assets.xcassets */; };
		9A66D7762D07CACB0098E8B8 /* hellowordTests.swift in Sources */ = {isa = PBXBuildFile; fileRef = 9A66D7752D07CACB0098E8B8 /* hellowordTests.swift */; };
		9A66D7802D07CACB0098E8B8 /* hellowordUITests.swift in Sources */ = {isa = PBXBuildFile; fileRef = 9A66D77F2D07CACB0098E8B8 /* hellowordUITests.swift */; };
		9A66D7822D07CACB0098E8B8 /* hellowordUITestsLaunchTests.swift in Sources */ = {isa = PBXBuildFile; fileRef = 9A66D7812D07CACB0098E8B8 /* hellowordUITestsLaunchTests.swift */; };
		9A66D78F2D07E89B0098E8B8 /* exportOptions.plist in Resources */ = {isa = PBXBuildFile; fileRef = 9A66D78E2D07E89B0098E8B8 /* exportOptions.plist */; };
		9ACC1D872D0A8E06005DC616 /* Application.swift in Sources */ = {isa = PBXBuildFile; fileRef = 9ACC1D852D0A8E06005DC616 /* Application.swift */; };
		9ACC1D882D0A8E06005DC616 /* AppDelegate.swift in Sources */ = {isa = PBXBuildFile; fileRef = 9ACC1D862D0A8E06005DC616 /* AppDelegate.swift */; };
		9ACC1D8A2D0A8E6E005DC616 /* ViewController.swift in Sources */ = {isa = PBXBuildFile; fileRef = 9ACC1D892D0A8E6E005DC616 /* ViewController.swift */; };
		B04F1D8449C1FB897CDDEA8A /* Pods_helloword.framework in Frameworks */ = {isa = PBXBuildFile; fileRef = A6036CD53D80F120E7A4A2E6 /* Pods_helloword.framework */; };
/* End PBXBuildFile section */

/* Begin PBXContainerItemProxy section */
		9A66D7722D07CACB0098E8B8 /* PBXContainerItemProxy */ = {
			isa = PBXContainerItemProxy;
			containerPortal = 9A66D7582D07CACA0098E8B8 /* Project object */;
			proxyType = 1;
			remoteGlobalIDString = 9A66D75F2D07CACA0098E8B8;
			remoteInfo = helloword;
		};
		9A66D77C2D07CACB0098E8B8 /* PBXContainerItemProxy */ = {
			isa = PBXContainerItemProxy;
			containerPortal = 9A66D7582D07CACA0098E8B8 /* Project object */;
			proxyType = 1;
			remoteGlobalIDString = 9A66D75F2D07CACA0098E8B8;
			remoteInfo = helloword;
		};
/* End PBXContainerItemProxy section */

/* Begin PBXFileReference section */
		9A66D7602D07CACA0098E8B8 /* helloword.app */ = {isa = PBXFileReference; explicitFileType = wrapper.application; includeInIndex = 0; path = helloword.app; sourceTree = BUILT_PRODUCTS_DIR; };
		9A66D7672D07CACB0098E8B8 /* Assets.xcassets */ = {isa = PBXFileReference; lastKnownFileType = folder.assetcatalog; path = Assets.xcassets; sourceTree = "<group>"; };
		9A66D7692D07CACB0098E8B8 /* helloword.entitlements */ = {isa = PBXFileReference; lastKnownFileType = text.plist.entitlements; path = helloword.entitlements; sourceTree = "<group>"; };
		9A66D76B2D07CACB0098E8B8 /* Preview Assets.xcassets */ = {isa = PBXFileReference; lastKnownFileType = folder.assetcatalog; path = "Preview Assets.xcassets"; sourceTree = "<group>"; };
		9A66D7712D07CACB0098E8B8 /* hellowordTests.xctest */ = {isa = PBXFileReference; explicitFileType = wrapper.cfbundle; includeInIndex = 0; path = hellowordTests.xctest; sourceTree = BUILT_PRODUCTS_DIR; };
		9A66D7752D07CACB0098E8B8 /* hellowordTests.swift */ = {isa = PBXFileReference; lastKnownFileType = sourcecode.swift; path = hellowordTests.swift; sourceTree = "<group>"; };
		9A66D77B2D07CACB0098E8B8 /* hellowordUITests.xctest */ = {isa = PBXFileReference; explicitFileType = wrapper.cfbundle; includeInIndex = 0; path = hellowordUITests.xctest; sourceTree = BUILT_PRODUCTS_DIR; };
		9A66D77F2D07CACB0098E8B8 /* hellowordUITests.swift */ = {isa = PBXFileReference; lastKnownFileType = sourcecode.swift; path = hellowordUITests.swift; sourceTree = "<group>"; };
		9A66D7812D07CACB0098E8B8 /* hellowordUITestsLaunchTests.swift */ = {isa = PBXFileReference; lastKnownFileType = sourcecode.swift; path = hellowordUITestsLaunchTests.swift; sourceTree = "<group>"; };
		9A66D78E2D07E89B0098E8B8 /* exportOptions.plist */ = {isa = PBXFileReference; lastKnownFileType = text.plist; path = exportOptions.plist; sourceTree = SOURCE_ROOT; };
		9ACC1D852D0A8E06005DC616 /* Application.swift */ = {isa = PBXFileReference; fileEncoding = 4; lastKnownFileType = sourcecode.swift; path = Application.swift; sourceTree = SOURCE_ROOT; };
		9ACC1D862D0A8E06005DC616 /* AppDelegate.swift */ = {isa = PBXFileReference; fileEncoding = 4; lastKnownFileType = sourcecode.swift; path = AppDelegate.swift; sourceTree = SOURCE_ROOT; };
		9ACC1D892D0A8E6E005DC616 /* ViewController.swift */ = {isa = PBXFileReference; fileEncoding = 4; lastKnownFileType = sourcecode.swift; path = ViewController.swift; sourceTree = SOURCE_ROOT; };
		A6036CD53D80F120E7A4A2E6 /* Pods_helloword.framework */ = {isa = PBXFileReference; explicitFileType = wrapper.framework; includeInIndex = 0; path = Pods_helloword.framework; sourceTree = BUILT_PRODUCTS_DIR; };
		A978102855836B5EE058B207 /* Pods-helloword.release.xcconfig */ = {isa = PBXFileReference; includeInIndex = 1; lastKnownFileType = text.xcconfig; name = "Pods-helloword.release.xcconfig"; path = "Target Support Files/Pods-helloword/Pods-helloword.release.xcconfig"; sourceTree = "<group>"; };
		C31B9F2047037E697249016D /* Pods-helloword.debug.xcconfig */ = {isa = PBXFileReference; includeInIndex = 1; lastKnownFileType = text.xcconfig; name = "Pods-helloword.debug.xcconfig"; path = "Target Support Files/Pods-helloword/Pods-helloword.debug.xcconfig"; sourceTree = "<group>"; };
/* End PBXFileReference section */

/* Begin PBXFrameworksBuildPhase section */
		9A66D75D2D07CACA0098E8B8 /* Frameworks */ = {
			isa = PBXFrameworksBuildPhase;
			buildActionMask = 2147483647;
			files = (
				B04F1D8449C1FB897CDDEA8A /* Pods_helloword.framework in Frameworks */,
			);
			runOnlyForDeploymentPostprocessing = 0;
		};
		9A66D76E2D07CACB0098E8B8 /* Frameworks */ = {
			isa = PBXFrameworksBuildPhase;
			buildActionMask = 2147483647;
			files = (
			);
			runOnlyForDeploymentPostprocessing = 0;
		};
		9A66D7782D07CACB0098E8B8 /* Frameworks */ = {
			isa = PBXFrameworksBuildPhase;
			buildActionMask = 2147483647;
			files = (
			);
			runOnlyForDeploymentPostprocessing = 0;
		};
/* End PBXFrameworksBuildPhase section */

/* Begin PBXGroup section */
		173E3CD15BEC2B2DED16774C /* Frameworks */ = {
			isa = PBXGroup;
			children = (
				A6036CD53D80F120E7A4A2E6 /* Pods_helloword.framework */,
			);
			name = Frameworks;
			sourceTree = "<group>";
		};
		81D599F3540968B2A968E35E /* Pods */ = {
			isa = PBXGroup;
			children = (
				C31B9F2047037E697249016D /* Pods-helloword.debug.xcconfig */,
				A978102855836B5EE058B207 /* Pods-helloword.release.xcconfig */,
			);
			path = Pods;
			sourceTree = "<group>";
		};
		9A66D7572D07CACA0098E8B8 = {
			isa = PBXGroup;
			children = (
				9A66D7622D07CACA0098E8B8 /* helloword */,
				9A66D7742D07CACB0098E8B8 /* hellowordTests */,
				9A66D77E2D07CACB0098E8B8 /* hellowordUITests */,
				9A66D7612D07CACA0098E8B8 /* Products */,
				81D599F3540968B2A968E35E /* Pods */,
				173E3CD15BEC2B2DED16774C /* Frameworks */,
			);
			sourceTree = "<group>";
		};
		9A66D7612D07CACA0098E8B8 /* Products */ = {
			isa = PBXGroup;
			children = (
				9A66D7602D07CACA0098E8B8 /* helloword.app */,
				9A66D7712D07CACB0098E8B8 /* hellowordTests.xctest */,
				9A66D77B2D07CACB0098E8B8 /* hellowordUITests.xctest */,
			);
			name = Products;
			sourceTree = "<group>";
		};
		9A66D7622D07CACA0098E8B8 /* helloword */ = {
			isa = PBXGroup;
			children = (
				9ACC1D892D0A8E6E005DC616 /* ViewController.swift */,
				9ACC1D862D0A8E06005DC616 /* AppDelegate.swift */,
				9ACC1D852D0A8E06005DC616 /* Application.swift */,
				9A66D78E2D07E89B0098E8B8 /* exportOptions.plist */,
				9A66D7672D07CACB0098E8B8 /* Assets.xcassets */,
				9A66D7692D07CACB0098E8B8 /* helloword.entitlements */,
				9A66D76A2D07CACB0098E8B8 /* Preview Content */,
			);
			path = helloword;
			sourceTree = "<group>";
		};
		9A66D76A2D07CACB0098E8B8 /* Preview Content */ = {
			isa = PBXGroup;
			children = (
				9A66D76B2D07CACB0098E8B8 /* Preview Assets.xcassets */,
			);
			path = "Preview Content";
			sourceTree = "<group>";
		};
		9A66D7742D07CACB0098E8B8 /* hellowordTests */ = {
			isa = PBXGroup;
			children = (
				9A66D7752D07CACB0098E8B8 /* hellowordTests.swift */,
			);
			path = hellowordTests;
			sourceTree = "<group>";
		};
		9A66D77E2D07CACB0098E8B8 /* hellowordUITests */ = {
			isa = PBXGroup;
			children = (
				9A66D77F2D07CACB0098E8B8 /* hellowordUITests.swift */,
				9A66D7812D07CACB0098E8B8 /* hellowordUITestsLaunchTests.swift */,
			);
			path = hellowordUITests;
			sourceTree = "<group>";
		};
/* End PBXGroup section */

/* Begin PBXNativeTarget section */
		9A66D75F2D07CACA0098E8B8 /* helloword */ = {
			isa = PBXNativeTarget;
			buildConfigurationList = 9A66D7852D07CACB0098E8B8 /* Build configuration list for PBXNativeTarget "helloword" */;
			buildPhases = (
				7580D2ACBA90DF525971206F /* [CP] Check Pods Manifest.lock */,
				9A66D75C2D07CACA0098E8B8 /* Sources */,
				9A66D75D2D07CACA0098E8B8 /* Frameworks */,
				9A66D75E2D07CACA0098E8B8 /* Resources */,
				6AF1DCD8CF3CCB05A29A6446 /* [CP] Embed Pods Frameworks */,
			);
			buildRules = (
			);
			dependencies = (
			);
			name = helloword;
			productName = helloword;
			productReference = 9A66D7602D07CACA0098E8B8 /* helloword.app */;
			productType = "com.apple.product-type.application";
		};
		9A66D7702D07CACB0098E8B8 /* hellowordTests */ = {
			isa = PBXNativeTarget;
			buildConfigurationList = 9A66D7882D07CACB0098E8B8 /* Build configuration list for PBXNativeTarget "hellowordTests" */;
			buildPhases = (
				9A66D76D2D07CACB0098E8B8 /* Sources */,
				9A66D76E2D07CACB0098E8B8 /* Frameworks */,
				9A66D76F2D07CACB0098E8B8 /* Resources */,
			);
			buildRules = (
			);
			dependencies = (
				9A66D7732D07CACB0098E8B8 /* PBXTargetDependency */,
			);
			name = hellowordTests;
			productName = hellowordTests;
			productReference = 9A66D7712D07CACB0098E8B8 /* hellowordTests.xctest */;
			productType = "com.apple.product-type.bundle.unit-test";
		};
		9A66D77A2D07CACB0098E8B8 /* hellowordUITests */ = {
			isa = PBXNativeTarget;
			buildConfigurationList = 9A66D78B2D07CACB0098E8B8 /* Build configuration list for PBXNativeTarget "hellowordUITests" */;
			buildPhases = (
				9A66D7772D07CACB0098E8B8 /* Sources */,
				9A66D7782D07CACB0098E8B8 /* Frameworks */,
				9A66D7792D07CACB0098E8B8 /* Resources */,
			);
			buildRules = (
			);
			dependencies = (
				9A66D77D2D07CACB0098E8B8 /* PBXTargetDependency */,
			);
			name = hellowordUITests;
			productName = hellowordUITests;
			productReference = 9A66D77B2D07CACB0098E8B8 /* hellowordUITests.xctest */;
			productType = "com.apple.product-type.bundle.ui-testing";
		};
/* End PBXNativeTarget section */

/* Begin PBXProject section */
		9A66D7582D07CACA0098E8B8 /* Project object */ = {
			isa = PBXProject;
			attributes = {
				BuildIndependentTargetsInParallel = 1;
				LastSwiftUpdateCheck = 1520;
				LastUpgradeCheck = 1520;
				TargetAttributes = {
					9A66D75F2D07CACA0098E8B8 = {
						CreatedOnToolsVersion = 15.2;
						LastSwiftMigration = 1520;
					};
					9A66D7702D07CACB0098E8B8 = {
						CreatedOnToolsVersion = 15.2;
						TestTargetID = 9A66D75F2D07CACA0098E8B8;
					};
					9A66D77A2D07CACB0098E8B8 = {
						CreatedOnToolsVersion = 15.2;
						TestTargetID = 9A66D75F2D07CACA0098E8B8;
					};
				};
			};
			buildConfigurationList = 9A66D75B2D07CACA0098E8B8 /* Build configuration list for PBXProject "helloword" */;
			compatibilityVersion = "Xcode 14.0";
			developmentRegion = en;
			hasScannedForEncodings = 0;
			knownRegions = (
				en,
				Base,
			);
			mainGroup = 9A66D7572D07CACA0098E8B8;
			productRefGroup = 9A66D7612D07CACA0098E8B8 /* Products */;
			projectDirPath = "";
			projectRoot = "";
			targets = (
				9A66D75F2D07CACA0098E8B8 /* helloword */,
				9A66D7702D07CACB0098E8B8 /* hellowordTests */,
				9A66D77A2D07CACB0098E8B8 /* hellowordUITests */,
			);
		};
/* End PBXProject section */

/* Begin PBXResourcesBuildPhase section */
		9A66D75E2D07CACA0098E8B8 /* Resources */ = {
			isa = PBXResourcesBuildPhase;
			buildActionMask = 2147483647;
			files = (
				9A66D76C2D07CACB0098E8B8 /* Preview Assets.xcassets in Resources */,
				9A66D78F2D07E89B0098E8B8 /* exportOptions.plist in Resources */,
				9A66D7682D07CACB0098E8B8 /* Assets.xcassets in Resources */,
			);
			runOnlyForDeploymentPostprocessing = 0;
		};
		9A66D76F2D07CACB0098E8B8 /* Resources */ = {
			isa = PBXResourcesBuildPhase;
			buildActionMask = 2147483647;
			files = (
			);
			runOnlyForDeploymentPostprocessing = 0;
		};
		9A66D7792D07CACB0098E8B8 /* Resources */ = {
			isa = PBXResourcesBuildPhase;
			buildActionMask = 2147483647;
			files = (
			);
			runOnlyForDeploymentPostprocessing = 0;
		};
/* End PBXResourcesBuildPhase section */

/* Begin PBXShellScriptBuildPhase section */
		6AF1DCD8CF3CCB05A29A6446 /* [CP] Embed Pods Frameworks */ = {
			isa = PBXShellScriptBuildPhase;
			buildActionMask = 12;
			files = (
			);
			inputFileListPaths = (
				"${PODS_ROOT}/Target Support Files/Pods-helloword/Pods-helloword-frameworks-${CONFIGURATION}-input-files.xcfilelist",
			);
			name = "[CP] Embed Pods Frameworks";
			outputFileListPaths = (
				"${PODS_ROOT}/Target Support Files/Pods-helloword/Pods-helloword-frameworks-${CONFIGURATION}-output-files.xcfilelist",
			);
			runOnlyForDeploymentPostprocessing = 0;
			shellPath = /bin/sh;
			shellScript = "\"${PODS_ROOT}/Target Support Files/Pods-helloword/Pods-helloword-frameworks.sh\"\n";
			showEnvVarsInLog = 0;
		};
		7580D2ACBA90DF525971206F /* [CP] Check Pods Manifest.lock */ = {
			isa = PBXShellScriptBuildPhase;
			buildActionMask = 2147483647;
			files = (
			);
			inputFileListPaths = (
			);
			inputPaths = (
				"${PODS_PODFILE_DIR_PATH}/Podfile.lock",
				"${PODS_ROOT}/Manifest.lock",
			);
			name = "[CP] Check Pods Manifest.lock";
			outputFileListPaths = (
			);
			outputPaths = (
				"$(DERIVED_FILE_DIR)/Pods-helloword-checkManifestLockResult.txt",
			);
			runOnlyForDeploymentPostprocessing = 0;
			shellPath = /bin/sh;
			shellScript = "diff \"${PODS_PODFILE_DIR_PATH}/Podfile.lock\" \"${PODS_ROOT}/Manifest.lock\" > /dev/null\nif [ $? != 0 ] ; then\n    # print error to STDERR\n    echo \"error: The sandbox is not in sync with the Podfile.lock. Run 'pod install' or update your CocoaPods installation.\" >&2\n    exit 1\nfi\n# This output is used by Xcode 'outputs' to avoid re-running this script phase.\necho \"SUCCESS\" > \"${SCRIPT_OUTPUT_FILE_0}\"\n";
			showEnvVarsInLog = 0;
		};
/* End PBXShellScriptBuildPhase section */

/* Begin PBXSourcesBuildPhase section */
		9A66D75C2D07CACA0098E8B8 /* Sources */ = {
			isa = PBXSourcesBuildPhase;
			buildActionMask = 2147483647;
			files = (
				9ACC1D8A2D0A8E6E005DC616 /* ViewController.swift in Sources */,
				9ACC1D882D0A8E06005DC616 /* AppDelegate.swift in Sources */,
				9ACC1D872D0A8E06005DC616 /* Application.swift in Sources */,
			);
			runOnlyForDeploymentPostprocessing = 0;
		};
		9A66D76D2D07CACB0098E8B8 /* Sources */ = {
			isa = PBXSourcesBuildPhase;
			buildActionMask = 2147483647;
			files = (
				9A66D7762D07CACB0098E8B8 /* hellowordTests.swift in Sources */,
			);
			runOnlyForDeploymentPostprocessing = 0;
		};
		9A66D7772D07CACB0098E8B8 /* Sources */ = {
			isa = PBXSourcesBuildPhase;
			buildActionMask = 2147483647;
			files = (
				9A66D7802D07CACB0098E8B8 /* hellowordUITests.swift in Sources */,
				9A66D7822D07CACB0098E8B8 /* hellowordUITestsLaunchTests.swift in Sources */,
			);
			runOnlyForDeploymentPostprocessing = 0;
		};
/* End PBXSourcesBuildPhase section */

/* Begin PBXTargetDependency section */
		9A66D7732D07CACB0098E8B8 /* PBXTargetDependency */ = {
			isa = PBXTargetDependency;
			target = 9A66D75F2D07CACA0098E8B8 /* helloword */;
			targetProxy = 9A66D7722D07CACB0098E8B8 /* PBXContainerItemProxy */;
		};
		9A66D77D2D07CACB0098E8B8 /* PBXTargetDependency */ = {
			isa = PBXTargetDependency;
			target = 9A66D75F2D07CACA0098E8B8 /* helloword */;
			targetProxy = 9A66D77C2D07CACB0098E8B8 /* PBXContainerItemProxy */;
		};
/* End PBXTargetDependency section */

/* Begin XCBuildConfiguration section */
		9A66D7832D07CACB0098E8B8 /* Debug */ = {
			isa = XCBuildConfiguration;
			buildSettings = {
				ALWAYS_SEARCH_USER_PATHS = NO;
				ASSETCATALOG_COMPILER_GENERATE_SWIFT_ASSET_SYMBOL_EXTENSIONS = YES;
				CLANG_ANALYZER_NONNULL = YES;
				CLANG_ANALYZER_NUMBER_OBJECT_CONVERSION = YES_AGGRESSIVE;
				CLANG_CXX_LANGUAGE_STANDARD = "gnu++20";
				CLANG_ENABLE_MODULES = YES;
				CLANG_ENABLE_OBJC_ARC = YES;
				CLANG_ENABLE_OBJC_WEAK = YES;
				CLANG_WARN_BLOCK_CAPTURE_AUTORELEASING = YES;
				CLANG_WARN_BOOL_CONVERSION = YES;
				CLANG_WARN_COMMA = YES;
				CLANG_WARN_CONSTANT_CONVERSION = YES;
				CLANG_WARN_DEPRECATED_OBJC_IMPLEMENTATIONS = YES;
				CLANG_WARN_DIRECT_OBJC_ISA_USAGE = YES_ERROR;
				CLANG_WARN_DOCUMENTATION_COMMENTS = YES;
				CLANG_WARN_EMPTY_BODY = YES;
				CLANG_WARN_ENUM_CONVERSION = YES;
				CLANG_WARN_INFINITE_RECURSION = YES;
				CLANG_WARN_INT_CONVERSION = YES;
				CLANG_WARN_NON_LITERAL_NULL_CONVERSION = YES;
				CLANG_WARN_OBJC_IMPLICIT_RETAIN_SELF = YES;
				CLANG_WARN_OBJC_LITERAL_CONVERSION = YES;
				CLANG_WARN_OBJC_ROOT_CLASS = YES_ERROR;
				CLANG_WARN_QUOTED_INCLUDE_IN_FRAMEWORK_HEADER = YES;
				CLANG_WARN_RANGE_LOOP_ANALYSIS = YES;
				CLANG_WARN_STRICT_PROTOTYPES = YES;
				CLANG_WARN_SUSPICIOUS_MOVE = YES;
				CLANG_WARN_UNGUARDED_AVAILABILITY = YES_AGGRESSIVE;
				CLANG_WARN_UNREACHABLE_CODE = YES;
				CLANG_WARN__DUPLICATE_METHOD_MATCH = YES;
				COPY_PHASE_STRIP = NO;
				DEBUG_INFORMATION_FORMAT = dwarf;
				ENABLE_STRICT_OBJC_MSGSEND = YES;
				ENABLE_TESTABILITY = YES;
				ENABLE_USER_SCRIPT_SANDBOXING = YES;
				GCC_C_LANGUAGE_STANDARD = gnu17;
				GCC_DYNAMIC_NO_PIC = NO;
				GCC_NO_COMMON_BLOCKS = YES;
				GCC_OPTIMIZATION_LEVEL = 0;
				GCC_PREPROCESSOR_DEFINITIONS = (
					"DEBUG=1",
					"$(inherited)",
				);
				GCC_WARN_64_TO_32_BIT_CONVERSION = YES;
				GCC_WARN_ABOUT_RETURN_TYPE = YES_ERROR;
				GCC_WARN_UNDECLARED_SELECTOR = YES;
				GCC_WARN_UNINITIALIZED_AUTOS = YES_AGGRESSIVE;
				GCC_WARN_UNUSED_FUNCTION = YES;
				GCC_WARN_UNUSED_VARIABLE = YES;
				LOCALIZATION_PREFERS_STRING_CATALOGS = YES;
				MTL_ENABLE_DEBUG_INFO = INCLUDE_SOURCE;
				MTL_FAST_MATH = YES;
				ONLY_ACTIVE_ARCH = YES;
				SWIFT_ACTIVE_COMPILATION_CONDITIONS = "DEBUG $(inherited)";
				SWIFT_OPTIMIZATION_LEVEL = "-Onone";
			};
			name = Debug;
		};
		9A66D7842D07CACB0098E8B8 /* Release */ = {
			isa = XCBuildConfiguration;
			buildSettings = {
				ALWAYS_SEARCH_USER_PATHS = NO;
				ASSETCATALOG_COMPILER_GENERATE_SWIFT_ASSET_SYMBOL_EXTENSIONS = YES;
				CLANG_ANALYZER_NONNULL = YES;
				CLANG_ANALYZER_NUMBER_OBJECT_CONVERSION = YES_AGGRESSIVE;
				CLANG_CXX_LANGUAGE_STANDARD = "gnu++20";
				CLANG_ENABLE_MODULES = YES;
				CLANG_ENABLE_OBJC_ARC = YES;
				CLANG_ENABLE_OBJC_WEAK = YES;
				CLANG_WARN_BLOCK_CAPTURE_AUTORELEASING = YES;
				CLANG_WARN_BOOL_CONVERSION = YES;
				CLANG_WARN_COMMA = YES;
				CLANG_WARN_CONSTANT_CONVERSION = YES;
				CLANG_WARN_DEPRECATED_OBJC_IMPLEMENTATIONS = YES;
				CLANG_WARN_DIRECT_OBJC_ISA_USAGE = YES_ERROR;
				CLANG_WARN_DOCUMENTATION_COMMENTS = YES;
				CLANG_WARN_EMPTY_BODY = YES;
				CLANG_WARN_ENUM_CONVERSION = YES;
				CLANG_WARN_INFINITE_RECURSION = YES;
				CLANG_WARN_INT_CONVERSION = YES;
				CLANG_WARN_NON_LITERAL_NULL_CONVERSION = YES;
				CLANG_WARN_OBJC_IMPLICIT_RETAIN_SELF = YES;
				CLANG_WARN_OBJC_LITERAL_CONVERSION = YES;
				CLANG_WARN_OBJC_ROOT_CLASS = YES_ERROR;
				CLANG_WARN_QUOTED_INCLUDE_IN_FRAMEWORK_HEADER = YES;
				CLANG_WARN_RANGE_LOOP_ANALYSIS = YES;
				CLANG_WARN_STRICT_PROTOTYPES = YES;
				CLANG_WARN_SUSPICIOUS_MOVE = YES;
				CLANG_WARN_UNGUARDED_AVAILABILITY = YES_AGGRESSIVE;
				CLANG_WARN_UNREACHABLE_CODE = YES;
				CLANG_WARN__DUPLICATE_METHOD_MATCH = YES;
				COPY_PHASE_STRIP = NO;
				DEBUG_INFORMATION_FORMAT = "dwarf-with-dsym";
				ENABLE_NS_ASSERTIONS = NO;
				ENABLE_STRICT_OBJC_MSGSEND = YES;
				ENABLE_USER_SCRIPT_SANDBOXING = YES;
				GCC_C_LANGUAGE_STANDARD = gnu17;
				GCC_NO_COMMON_BLOCKS = YES;
				GCC_WARN_64_TO_32_BIT_CONVERSION = YES;
				GCC_WARN_ABOUT_RETURN_TYPE = YES_ERROR;
				GCC_WARN_UNDECLARED_SELECTOR = YES;
				GCC_WARN_UNINITIALIZED_AUTOS = YES_AGGRESSIVE;
				GCC_WARN_UNUSED_FUNCTION = YES;
				GCC_WARN_UNUSED_VARIABLE = YES;
				LOCALIZATION_PREFERS_STRING_CATALOGS = YES;
				MTL_ENABLE_DEBUG_INFO = NO;
				MTL_FAST_MATH = YES;
				SWIFT_COMPILATION_MODE = wholemodule;
			};
			name = Release;
		};
		9A66D7862D07CACB0098E8B8 /* Debug */ = {
			isa = XCBuildConfiguration;
			baseConfigurationReference = C31B9F2047037E697249016D /* Pods-helloword.debug.xcconfig */;
			buildSettings = {
				ASSETCATALOG_COMPILER_APPICON_NAME = AppIcon;
				ASSETCATALOG_COMPILER_GLOBAL_ACCENT_COLOR_NAME = AccentColor;
				CLANG_ENABLE_MODULES = YES;
				COCOAPODS_PARALLEL_CODE_SIGN = true;
				CODE_SIGN_ENTITLEMENTS = helloword/helloword.entitlements;
				CODE_SIGN_IDENTITY = "Apple Development";
				"CODE_SIGN_IDENTITY[sdk=iphoneos*]" = "iPhone Distribution";
				CODE_SIGN_STYLE = Manual;
				CURRENT_PROJECT_VERSION = 1;
				DEVELOPMENT_ASSET_PATHS = "\"helloword/Preview Content\"";
				DEVELOPMENT_TEAM = "";
				"DEVELOPMENT_TEAM[sdk=iphoneos*]" = DDGNDSD6WU;
				ENABLE_HARDENED_RUNTIME = YES;
				ENABLE_PREVIEWS = YES;
				ENABLE_USER_SCRIPT_SANDBOXING = NO;
				GENERATE_INFOPLIST_FILE = YES;
				"INFOPLIST_KEY_UIApplicationSceneManifest_Generation[sdk=iphoneos*]" = YES;
				"INFOPLIST_KEY_UIApplicationSceneManifest_Generation[sdk=iphonesimulator*]" = YES;
				"INFOPLIST_KEY_UIApplicationSupportsIndirectInputEvents[sdk=iphoneos*]" = YES;
				"INFOPLIST_KEY_UIApplicationSupportsIndirectInputEvents[sdk=iphonesimulator*]" = YES;
				"INFOPLIST_KEY_UILaunchScreen_Generation[sdk=iphoneos*]" = YES;
				"INFOPLIST_KEY_UILaunchScreen_Generation[sdk=iphonesimulator*]" = YES;
				"INFOPLIST_KEY_UIStatusBarStyle[sdk=iphoneos*]" = UIStatusBarStyleDefault;
				"INFOPLIST_KEY_UIStatusBarStyle[sdk=iphonesimulator*]" = UIStatusBarStyleDefault;
				INFOPLIST_KEY_UISupportedInterfaceOrientations = UIInterfaceOrientationPortrait;
				INFOPLIST_KEY_UISupportedInterfaceOrientations_iPad = "UIInterfaceOrientationLandscapeLeft UIInterfaceOrientationLandscapeRight UIInterfaceOrientationPortrait UIInterfaceOrientationPortraitUpsideDown";
				IPHONEOS_DEPLOYMENT_TARGET = 12.0;
				LD_RUNPATH_SEARCH_PATHS = "@executable_path/Frameworks";
				"LD_RUNPATH_SEARCH_PATHS[sdk=macosx*]" = "@executable_path/../Frameworks";
				MACOSX_DEPLOYMENT_TARGET = 14.1;
				MARKETING_VERSION = 1.0;
				PRODUCT_BUNDLE_IDENTIFIER = com.app.helloword;
				PRODUCT_NAME = "$(TARGET_NAME)";
				PROVISIONING_PROFILE_SPECIFIER = "";
				"PROVISIONING_PROFILE_SPECIFIER[sdk=iphoneos*]" = ProfilehellowordAdHot;
				SDKROOT = auto;
				SUPPORTED_PLATFORMS = "iphoneos iphonesimulator";
				SUPPORTS_MACCATALYST = NO;
				SWIFT_EMIT_LOC_STRINGS = YES;
				SWIFT_OPTIMIZATION_LEVEL = "-Onone";
				SWIFT_VERSION = 5.0;
				TARGETED_DEVICE_FAMILY = 1;
			};
			name = Debug;
		};
		9A66D7872D07CACB0098E8B8 /* Release */ = {
			isa = XCBuildConfiguration;
			baseConfigurationReference = A978102855836B5EE058B207 /* Pods-helloword.release.xcconfig */;
			buildSettings = {
				ASSETCATALOG_COMPILER_APPICON_NAME = AppIcon;
				ASSETCATALOG_COMPILER_GLOBAL_ACCENT_COLOR_NAME = AccentColor;
				CLANG_ENABLE_MODULES = YES;
				COCOAPODS_PARALLEL_CODE_SIGN = true;
				CODE_SIGN_ENTITLEMENTS = helloword/helloword.entitlements;
				CODE_SIGN_IDENTITY = "Apple Development";
				"CODE_SIGN_IDENTITY[sdk=iphoneos*]" = "iPhone Distribution";
				CODE_SIGN_STYLE = Manual;
				CURRENT_PROJECT_VERSION = 1;
				DEVELOPMENT_ASSET_PATHS = "\"helloword/Preview Content\"";
				DEVELOPMENT_TEAM = "";
				"DEVELOPMENT_TEAM[sdk=iphoneos*]" = DDGNDSD6WU;
				ENABLE_HARDENED_RUNTIME = YES;
				ENABLE_PREVIEWS = YES;
				ENABLE_USER_SCRIPT_SANDBOXING = NO;
				GENERATE_INFOPLIST_FILE = YES;
				"INFOPLIST_KEY_UIApplicationSceneManifest_Generation[sdk=iphoneos*]" = YES;
				"INFOPLIST_KEY_UIApplicationSceneManifest_Generation[sdk=iphonesimulator*]" = YES;
				"INFOPLIST_KEY_UIApplicationSupportsIndirectInputEvents[sdk=iphoneos*]" = YES;
				"INFOPLIST_KEY_UIApplicationSupportsIndirectInputEvents[sdk=iphonesimulator*]" = YES;
				"INFOPLIST_KEY_UILaunchScreen_Generation[sdk=iphoneos*]" = YES;
				"INFOPLIST_KEY_UILaunchScreen_Generation[sdk=iphonesimulator*]" = YES;
				"INFOPLIST_KEY_UIStatusBarStyle[sdk=iphoneos*]" = UIStatusBarStyleDefault;
				"INFOPLIST_KEY_UIStatusBarStyle[sdk=iphonesimulator*]" = UIStatusBarStyleDefault;
				INFOPLIST_KEY_UISupportedInterfaceOrientations = UIInterfaceOrientationPortrait;
				INFOPLIST_KEY_UISupportedInterfaceOrientations_iPad = "UIInterfaceOrientationLandscapeLeft UIInterfaceOrientationLandscapeRight UIInterfaceOrientationPortrait UIInterfaceOrientationPortraitUpsideDown";
				IPHONEOS_DEPLOYMENT_TARGET = 12.0;
				LD_RUNPATH_SEARCH_PATHS = "@executable_path/Frameworks";
				"LD_RUNPATH_SEARCH_PATHS[sdk=macosx*]" = "@executable_path/../Frameworks";
				MACOSX_DEPLOYMENT_TARGET = 14.1;
				MARKETING_VERSION = 1.0;
				PRODUCT_BUNDLE_IDENTIFIER = com.app.helloword;
				PRODUCT_NAME = "$(TARGET_NAME)";
				PROVISIONING_PROFILE_SPECIFIER = "";
				"PROVISIONING_PROFILE_SPECIFIER[sdk=iphoneos*]" = ProfilehellowordAdHot;
				SDKROOT = auto;
				SUPPORTED_PLATFORMS = "iphoneos iphonesimulator";
				SUPPORTS_MACCATALYST = NO;
				SWIFT_EMIT_LOC_STRINGS = YES;
				SWIFT_VERSION = 5.0;
				TARGETED_DEVICE_FAMILY = 1;
			};
			name = Release;
		};
		9A66D7892D07CACB0098E8B8 /* Debug */ = {
			isa = XCBuildConfiguration;
			buildSettings = {
				ALWAYS_EMBED_SWIFT_STANDARD_LIBRARIES = YES;
				BUNDLE_LOADER = "$(TEST_HOST)";
				CODE_SIGN_STYLE = Automatic;
				CURRENT_PROJECT_VERSION = 1;
				DEVELOPMENT_TEAM = DDGNDSD6WU;
				GENERATE_INFOPLIST_FILE = YES;
				IPHONEOS_DEPLOYMENT_TARGET = 17.2;
				MACOSX_DEPLOYMENT_TARGET = 14.1;
				MARKETING_VERSION = 1.0;
				PRODUCT_BUNDLE_IDENTIFIER = com.app.hellowordTests;
				PRODUCT_NAME = "$(TARGET_NAME)";
				SDKROOT = auto;
				SUPPORTED_PLATFORMS = "iphoneos iphonesimulator macosx";
				SWIFT_EMIT_LOC_STRINGS = NO;
				SWIFT_VERSION = 5.0;
				TARGETED_DEVICE_FAMILY = "1,2";
				TEST_HOST = "$(BUILT_PRODUCTS_DIR)/helloword.app/$(BUNDLE_EXECUTABLE_FOLDER_PATH)/helloword";
			};
			name = Debug;
		};
		9A66D78A2D07CACB0098E8B8 /* Release */ = {
			isa = XCBuildConfiguration;
			buildSettings = {
				ALWAYS_EMBED_SWIFT_STANDARD_LIBRARIES = YES;
				BUNDLE_LOADER = "$(TEST_HOST)";
				CODE_SIGN_STYLE = Automatic;
				CURRENT_PROJECT_VERSION = 1;
				DEVELOPMENT_TEAM = DDGNDSD6WU;
				GENERATE_INFOPLIST_FILE = YES;
				IPHONEOS_DEPLOYMENT_TARGET = 17.2;
				MACOSX_DEPLOYMENT_TARGET = 14.1;
				MARKETING_VERSION = 1.0;
				PRODUCT_BUNDLE_IDENTIFIER = com.app.hellowordTests;
				PRODUCT_NAME = "$(TARGET_NAME)";
				SDKROOT = auto;
				SUPPORTED_PLATFORMS = "iphoneos iphonesimulator macosx";
				SWIFT_EMIT_LOC_STRINGS = NO;
				SWIFT_VERSION = 5.0;
				TARGETED_DEVICE_FAMILY = "1,2";
				TEST_HOST = "$(BUILT_PRODUCTS_DIR)/helloword.app/$(BUNDLE_EXECUTABLE_FOLDER_PATH)/helloword";
			};
			name = Release;
		};
		9A66D78C2D07CACB0098E8B8 /* Debug */ = {
			isa = XCBuildConfiguration;
			buildSettings = {
				ALWAYS_EMBED_SWIFT_STANDARD_LIBRARIES = YES;
				CODE_SIGN_STYLE = Automatic;
				CURRENT_PROJECT_VERSION = 1;
				DEVELOPMENT_TEAM = DDGNDSD6WU;
				GENERATE_INFOPLIST_FILE = YES;
				IPHONEOS_DEPLOYMENT_TARGET = 17.2;
				MACOSX_DEPLOYMENT_TARGET = 14.1;
				MARKETING_VERSION = 1.0;
				PRODUCT_BUNDLE_IDENTIFIER = com.app.hellowordUITests;
				PRODUCT_NAME = "$(TARGET_NAME)";
				SDKROOT = auto;
				SUPPORTED_PLATFORMS = "iphoneos iphonesimulator macosx";
				SWIFT_EMIT_LOC_STRINGS = NO;
				SWIFT_VERSION = 5.0;
				TARGETED_DEVICE_FAMILY = "1,2";
				TEST_TARGET_NAME = helloword;
			};
			name = Debug;
		};
		9A66D78D2D07CACB0098E8B8 /* Release */ = {
			isa = XCBuildConfiguration;
			buildSettings = {
				ALWAYS_EMBED_SWIFT_STANDARD_LIBRARIES = YES;
				CODE_SIGN_STYLE = Automatic;
				CURRENT_PROJECT_VERSION = 1;
				DEVELOPMENT_TEAM = DDGNDSD6WU;
				GENERATE_INFOPLIST_FILE = YES;
				IPHONEOS_DEPLOYMENT_TARGET = 17.2;
				MACOSX_DEPLOYMENT_TARGET = 14.1;
				MARKETING_VERSION = 1.0;
				PRODUCT_BUNDLE_IDENTIFIER = com.app.hellowordUITests;
				PRODUCT_NAME = "$(TARGET_NAME)";
				SDKROOT = auto;
				SUPPORTED_PLATFORMS = "iphoneos iphonesimulator macosx";
				SWIFT_EMIT_LOC_STRINGS = NO;
				SWIFT_VERSION = 5.0;
				TARGETED_DEVICE_FAMILY = "1,2";
				TEST_TARGET_NAME = helloword;
			};
			name = Release;
		};
/* End XCBuildConfiguration section */

/* Begin XCConfigurationList section */
		9A66D75B2D07CACA0098E8B8 /* Build configuration list for PBXProject "helloword" */ = {
			isa = XCConfigurationList;
			buildConfigurations = (
				9A66D7832D07CACB0098E8B8 /* Debug */,
				9A66D7842D07CACB0098E8B8 /* Release */,
			);
			defaultConfigurationIsVisible = 0;
			defaultConfigurationName = Release;
		};
		9A66D7852D07CACB0098E8B8 /* Build configuration list for PBXNativeTarget "helloword" */ = {
			isa = XCConfigurationList;
			buildConfigurations = (
				9A66D7862D07CACB0098E8B8 /* Debug */,
				9A66D7872D07CACB0098E8B8 /* Release */,
			);
			defaultConfigurationIsVisible = 0;
			defaultConfigurationName = Release;
		};
		9A66D7882D07CACB0098E8B8 /* Build configuration list for PBXNativeTarget "hellowordTests" */ = {
			isa = XCConfigurationList;
			buildConfigurations = (
				9A66D7892D07CACB0098E8B8 /* Debug */,
				9A66D78A2D07CACB0098E8B8 /* Release */,
			);
			defaultConfigurationIsVisible = 0;
			defaultConfigurationName = Release;
		};
		9A66D78B2D07CACB0098E8B8 /* Build configuration list for PBXNativeTarget "hellowordUITests" */ = {
			isa = XCConfigurationList;
			buildConfigurations = (
				9A66D78C2D07CACB0098E8B8 /* Debug */,
				9A66D78D2D07CACB0098E8B8 /* Release */,
			);
			defaultConfigurationIsVisible = 0;
			defaultConfigurationName = Release;
		};
/* End XCConfigurationList section */
	};
	rootObject = 9A66D7582D07CACA0098E8B8 /* Project object */;
}
